
Microsoft Visual Studio Solution File, Format Version 12.00
# Visual Studio Version 16
VisualStudioVersion = 16.0.29318.209
MinimumVisualStudioVersion = 10.0.40219.1
Project("{9A19103F-16F7-4668-BE54-9A1E7A4F7556}") = "Gateway", "Gateway\Gateway.csproj", "{CB0F9A3B-FF13-495A-8060-E717D80554AD}"
EndProject
Project("{9A19103F-16F7-4668-BE54-9A1E7A4F7556}") = "Disaster", "Disaster\Disaster.csproj", "{A5D8B058-5B11-4D98-A412-FDA01D96B009}"
EndProject
Project("{9A19103F-16F7-4668-BE54-9A1E7A4F7556}") = "Registration", "Registration\Registration.csproj", "{56C5FF15-C2CE-4928-AED8-87B7CED14212}"
EndProject
Project("{9A19103F-16F7-4668-BE54-9A1E7A4F7556}") = "RSCD", "RSCD\RSCD.csproj", "{23D03AC5-CB73-45AB-897E-043621251CC2}"
EndProject
Project("{9A19103F-16F7-4668-BE54-9A1E7A4F7556}") = "RSCD_tests", "RSCD_tests\RSCD_tests.csproj", "{38F97882-06D6-4703-9A2E-C66711579DBA}"
EndProject
Project("{FAE04EC0-301F-11D3-BF4B-00C04F79EFBC}") = "RescueTeam", "RescueTeam\RescueTeam.csproj", "{C783B6E7-0035-4CA5-85E4-1BE28D57C062}"
EndProject
Global
	GlobalSection(SolutionConfigurationPlatforms) = preSolution
		Debug|Any CPU = Debug|Any CPU
		Release|Any CPU = Release|Any CPU
	EndGlobalSection
	GlobalSection(ProjectConfigurationPlatforms) = postSolution
		{CB0F9A3B-FF13-495A-8060-E717D80554AD}.Debug|Any CPU.ActiveCfg = Debug|Any CPU
		{CB0F9A3B-FF13-495A-8060-E717D80554AD}.Debug|Any CPU.Build.0 = Debug|Any CPU
		{CB0F9A3B-FF13-495A-8060-E717D80554AD}.Release|Any CPU.ActiveCfg = Release|Any CPU
		{CB0F9A3B-FF13-495A-8060-E717D80554AD}.Release|Any CPU.Build.0 = Release|Any CPU
		{A5D8B058-5B11-4D98-A412-FDA01D96B009}.Debug|Any CPU.ActiveCfg = Debug|Any CPU
		{A5D8B058-5B11-4D98-A412-FDA01D96B009}.Debug|Any CPU.Build.0 = Debug|Any CPU
		{A5D8B058-5B11-4D98-A412-FDA01D96B009}.Release|Any CPU.ActiveCfg = Release|Any CPU
		{A5D8B058-5B11-4D98-A412-FDA01D96B009}.Release|Any CPU.Build.0 = Release|Any CPU
		{56C5FF15-C2CE-4928-AED8-87B7CED14212}.Debug|Any CPU.ActiveCfg = Debug|Any CPU
		{56C5FF15-C2CE-4928-AED8-87B7CED14212}.Debug|Any CPU.Build.0 = Debug|Any CPU
		{56C5FF15-C2CE-4928-AED8-87B7CED14212}.Release|Any CPU.ActiveCfg = Release|Any CPU
		{56C5FF15-C2CE-4928-AED8-87B7CED14212}.Release|Any CPU.Build.0 = Release|Any CPU
		{23D03AC5-CB73-45AB-897E-043621251CC2}.Debug|Any CPU.ActiveCfg = Debug|Any CPU
		{23D03AC5-CB73-45AB-897E-043621251CC2}.Debug|Any CPU.Build.0 = Debug|Any CPU
		{23D03AC5-CB73-45AB-897E-043621251CC2}.Release|Any CPU.ActiveCfg = Release|Any CPU
		{23D03AC5-CB73-45AB-897E-043621251CC2}.Release|Any CPU.Build.0 = Release|Any CPU
		{38F97882-06D6-4703-9A2E-C66711579DBA}.Debug|Any CPU.ActiveCfg = Debug|Any CPU
		{38F97882-06D6-4703-9A2E-C66711579DBA}.Debug|Any CPU.Build.0 = Debug|Any CPU
		{38F97882-06D6-4703-9A2E-C66711579DBA}.Release|Any CPU.ActiveCfg = Release|Any CPU
		{38F97882-06D6-4703-9A2E-C66711579DBA}.Release|Any CPU.Build.0 = Release|Any CPU
		{C783B6E7-0035-4CA5-85E4-1BE28D57C062}.Debug|Any CPU.ActiveCfg = Debug|Any CPU
		{C783B6E7-0035-4CA5-85E4-1BE28D57C062}.Debug|Any CPU.Build.0 = Debug|Any CPU
		{C783B6E7-0035-4CA5-85E4-1BE28D57C062}.Release|Any CPU.ActiveCfg = Release|Any CPU
		{C783B6E7-0035-4CA5-85E4-1BE28D57C062}.Release|Any CPU.Build.0 = Release|Any CPU
	EndGlobalSection
	GlobalSection(SolutionProperties) = preSolution
		HideSolutionNode = FALSE
	EndGlobalSection
	GlobalSection(ExtensibilityGlobals) = postSolution
		SolutionGuid = {B500F3B9-8A24-4754-903D-19360D3E16E2}
	EndGlobalSection
EndGlobal
